// !$*UTF8*$!
{
	archiveVersion = 1;
	classes = {
	};
	objectVersion = 56;
	objects = {

/* Begin PBXBuildFile section */
		394F65C12A9B9E0C0014BE9A /* AppDelegate.swift in Sources */ = {isa = PBXBuildFile; fileRef = 394F65C02A9B9E0C0014BE9A /* AppDelegate.swift */; };
		394F65C32A9B9E0C0014BE9A /* SceneDelegate.swift in Sources */ = {isa = PBXBuildFile; fileRef = 394F65C22A9B9E0C0014BE9A /* SceneDelegate.swift */; };
		394F65C52A9B9E0C0014BE9A /* ViewController.swift in Sources */ = {isa = PBXBuildFile; fileRef = 394F65C42A9B9E0C0014BE9A /* ViewController.swift */; };
		394F65C82A9B9E0C0014BE9A /* Main.storyboard in Resources */ = {isa = PBXBuildFile; fileRef = 394F65C62A9B9E0C0014BE9A /* Main.storyboard */; };
		394F65CA2A9B9E0D0014BE9A /* Assets.xcassets in Resources */ = {isa = PBXBuildFile; fileRef = 394F65C92A9B9E0D0014BE9A /* Assets.xcassets */; };
		394F65CD2A9B9E0D0014BE9A /* LaunchScreen.storyboard in Resources */ = {isa = PBXBuildFile; fileRef = 394F65CB2A9B9E0D0014BE9A /* LaunchScreen.storyboard */; };
		394F65D82A9B9E0E0014BE9A /* PreWorkTests.swift in Sources */ = {isa = PBXBuildFile; fileRef = 394F65D72A9B9E0E0014BE9A /* PreWorkTests.swift */; };
		394F65E22A9B9E0E0014BE9A /* PreWorkUITests.swift in Sources */ = {isa = PBXBuildFile; fileRef = 394F65E12A9B9E0E0014BE9A /* PreWorkUITests.swift */; };
		394F65E42A9B9E0E0014BE9A /* PreWorkUITestsLaunchTests.swift in Sources */ = {isa = PBXBuildFile; fileRef = 394F65E32A9B9E0E0014BE9A /* PreWorkUITestsLaunchTests.swift */; };
/* End PBXBuildFile section */

/* Begin PBXContainerItemProxy section */
		394F65D42A9B9E0E0014BE9A /* PBXContainerItemProxy */ = {
			isa = PBXContainerItemProxy;
			containerPortal = 394F65B52A9B9E0C0014BE9A /* Project object */;
			proxyType = 1;
			remoteGlobalIDString = 394F65BC2A9B9E0C0014BE9A;
			remoteInfo = PreWork;
		};
		394F65DE2A9B9E0E0014BE9A /* PBXContainerItemProxy */ = {
			containerPortal = 394F65B52A9B9E0C0014BE9A /* Project object */;
			proxyType = 1;
			remoteGlobalIDString = 394F65BC2A9B9E0C0014BE9A;
			remoteInfo = PreWork;
		};
/* End PBXContainerItemProxy section */

/* Begin PBXFileReference section */
		394F65BD2A9B9E0C0014BE9A /* PreWork.app */ = {isa = PBXFileReference; explicitFileType = wrapper.application; includeInIndex = 0; path = PreWork.app; sourceTree = BUILT_PRODUCTS_DIR; };
		394F65C02A9B9E0C0014BE9A /* AppDelegate.swift */ = {isa = PBXFileReference; lastKnownFileType = sourcecode.swift; path = AppDelegate.swift; sourceTree = "<group>"; };
		394F65C22A9B9E0C0014BE9A /* SceneDelegate.swift */ = {isa = PBXFileReference; lastKnownFileType = sourcecode.swift; path = SceneDelegate.swift; sourceTree = "<group>"; };
		394F65C42A9B9E0C0014BE9A /* ViewController.swift */ = {isa = PBXFileReference; lastKnownFileType = sourcecode.swift; path = ViewController.swift; sourceTree = "<group>"; };
		394F65C72A9B9E0C0014BE9A /* Base */ = {isa = PBXFileReference; lastKnownFileType = file.storyboard; name = Base; path = Base.lproj/Main.storyboard; sourceTree = "<group>"; };
		394F65C92A9B9E0D0014BE9A /* Assets.xcassets */ = {isa = PBXFileReference; lastKnownFileType = folder.assetcatalog; path = Assets.xcassets; sourceTree = "<group>"; };
		394F65CC2A9B9E0D0014BE9A /* Base */ = {isa = PBXFileReference; lastKnownFileType = file.storyboard; name = Base; path = Base.lproj/LaunchScreen.storyboard; sourceTree = "<group>"; };
		394F65CE2A9B9E0D0014BE9A /* Info.plist */ = {isa = PBXFileReference; lastKnownFileType = text.plist.xml; path = Info.plist; sourceTree = "<group>"; };
		394F65D32A9B9E0E0014BE9A /* PreWorkTests.xctest */ = {isa = PBXFileReference; explicitFileType = wrapper.cfbundle; includeInIndex = 0; path = PreWorkTests.xctest; sourceTree = BUILT_PRODUCTS_DIR; };
		394F65D72A9B9E0E0014BE9A /* PreWorkTests.swift */ = {isa = PBXFileReference; lastKnownFileType = sourcecode.swift; path = PreWorkTests.swift; sourceTree = "<group>"; };
		394F65DD2A9B9E0E0014BE9A /* PreWorkUITests.xctest */ = {isa = PBXFileReference; explicitFileType = wrapper.cfbundle; includeInIndex = 0; path = PreWorkUITests.xctest; sourceTree = BUILT_PRODUCTS_DIR; };
		394F65E12A9B9E0E0014BE9A /* PreWorkUITests.swift */ = {isa = PBXFileReference; lastKnownFileType = sourcecode.swift; path = PreWorkUITests.swift; sourceTree = "<group>"; };
		394F65E32A9B9E0E0014BE9A /* PreWorkUITestsLaunchTests.swift */ = {isa = PBXFileReference; lastKnownFileType = sourcecode.swift; path = PreWorkUITestsLaunchTests.swift; sourceTree = "<group>"; };
/* End PBXFileReference section */

/* Begin PBXFrameworksBuildPhase section */
		394F65BA2A9B9E0C0014BE9A /* Frameworks */ = {
			isa = PBXFrameworksBuildPhase;
			buildActionMask = 2147483647;
			files = (
			);
			runOnlyForDeploymentPostprocessing = 0;
		};
		394F65D02A9B9E0E0014BE9A /* Frameworks */ = {
			isa = PBXFrameworksBuildPhase;
			buildActionMask = 2147483647;
			files = (
			);
			runOnlyForDeploymentPostprocessing = 0;
		};
		394F65DA2A9B9E0E0014BE9A /* Frameworks */ = {
			isa = PBXFrameworksBuildPhase;
			buildActionMask = 2147483647;
			files = (
			);
			runOnlyForDeploymentPostprocessing = 0;
		};
/* End PBXFrameworksBuildPhase section */

/* Begin PBXGroup section */
		394F65B42A9B9E0C0014BE9A = {
			isa = PBXGroup;
			children = (
				394F65BF2A9B9E0C0014BE9A /* PreWork */,
				394F65D62A9B9E0E0014BE9A /* PreWorkTests */,
				394F65E02A9B9E0E0014BE9A /* PreWorkUITests */,
				394F65BE2A9B9E0C0014BE9A /* Products */,
			);
			sourceTree = "<group>";
		};
		394F65BE2A9B9E0C0014BE9A /* Products */ = {
			isa = PBXGroup;
			children = (
				394F65BD2A9B9E0C0014BE9A /* PreWork.app */,
				394F65D32A9B9E0E0014BE9A /* PreWorkTests.xctest */,
				394F65DD2A9B9E0E0014BE9A /* PreWorkUITests.xctest */,
			);
			name = Products;
			sourceTree = "<group>";
		};
		394F65BF2A9B9E0C0014BE9A /* PreWork */ = {
			isa = PBXGroup;
			children = (
				394F65C02A9B9E0C0014BE9A /* AppDelegate.swift */,
				394F65C22A9B9E0C0014BE9A /* SceneDelegate.swift */,
				394F65C42A9B9E0C0014BE9A /* ViewController.swift */,
				394F65C62A9B9E0C0014BE9A /* Main.storyboard */,
				394F65C92A9B9E0D0014BE9A /* Assets.xcassets */,
				394F65CB2A9B9E0D0014BE9A /* LaunchScreen.storyboard */,
				394F65CE2A9B9E0D0014BE9A /* Info.plist */,
			);
			path = PreWork;
			sourceTree = "<group>";
		};
		394F65D62A9B9E0E0014BE9A /* PreWorkTests */ = {
			isa = PBXGroup;
			children = (
				394F65D72A9B9E0E0014BE9A /* PreWorkTests.swift */,
			);
			path = PreWorkTests;
			sourceTree = "<group>";
		};
		394F65E02A9B9E0E0014BE9A /* PreWorkUITests */ = {
			isa = PBXGroup;
			children = (
				394F65E12A9B9E0E0014BE9A /* PreWorkUITests.swift */,
				394F65E32A9B9E0E0014BE9A /* PreWorkUITestsLaunchTests.swift */,
			);
			path = PreWorkUITests;
			sourceTree = "<group>";
		};
/* End PBXGroup section */

/* Begin PBXNativeTarget section */
		394F65BC2A9B9E0C0014BE9A /* PreWork */ = {
			isa = PBXNativeTarget;
			buildConfigurationList = 394F65E72A9B9E0E0014BE9A /* Build configuration list for PBXNativeTarget "PreWork" */;
			buildPhases = (
				394F65B92A9B9E0C0014BE9A /* Sources */,
				394F65BA2A9B9E0C0014BE9A /* Frameworks */,
				394F65BB2A9B9E0C0014BE9A /* Resources */,
			);
			buildRules = (
			);
			dependencies = (
			);
			name = PreWork;
			productName = PreWork;
			productReference = 394F65BD2A9B9E0C0014BE9A /* PreWork.app */;
			productType = "com.apple.product-type.application";
		};
		394F65D22A9B9E0E0014BE9A /* PreWorkTests */ = {
			isa = PBXNativeTarget;
			buildConfigurationList = 394F65EA2A9B9E0E0014BE9A /* Build configuration list for PBXNativeTarget "PreWorkTests" */;
			buildPhases = (
				394F65CF2A9B9E0E0014BE9A /* Sources */,
				394F65D02A9B9E0E0014BE9A /* Frameworks */,
				394F65D12A9B9E0E0014BE9A /* Resources */,
			);
			buildRules = (
			);
			dependencies = (
				394F65D52A9B9E0E0014BE9A /* PBXTargetDependency */,
			);
			name = PreWorkTests;
			productName = PreWorkTests;
			productReference = 394F65D32A9B9E0E0014BE9A /* PreWorkTests.xctest */;
			productType = "com.apple.product-type.bundle.unit-test";
		};
		394F65DC2A9B9E0E0014BE9A /* PreWorkUITests */ = {
			isa = PBXNativeTarget;
			buildConfigurationList = 394F65ED2A9B9E0E0014BE9A /* Build configuration list for PBXNativeTarget "PreWorkUITests" */;
			buildPhases = (
				394F65D92A9B9E0E0014BE9A /* Sources */,
				394F65DA2A9B9E0E0014BE9A /* Frameworks */,
				394F65DB2A9B9E0E0014BE9A /* Resources */,
			);
			buildRules = (
			);
			dependencies = (
				394F65DF2A9B9E0E0014BE9A /* PBXTargetDependency */,
			);
			name = PreWorkUITests;
			productName = PreWorkUITests;
			productReference = 394F65DD2A9B9E0E0014BE9A /* PreWorkUITests.xctest */;
			productType = "com.apple.product-type.bundle.ui-testing";
		};
/* End PBXNativeTarget section */

/* Begin PBXProject section */
		394F65B52A9B9E0C0014BE9A /* Project object */ = {
			isa = PBXProject;
			attributes = {
				BuildIndependentTargetsInParallel = 1;
				LastSwiftUpdateCheck = 1430;
				LastUpgradeCheck = 1430;
				TargetAttributes = {
					394F65BC2A9B9E0C0014BE9A = {
						CreatedOnToolsVersion = 14.3.1;
					};
					394F65D22A9B9E0E0014BE9A = {
						CreatedOnToolsVersion = 14.3.1;
						TestTargetID = 394F65BC2A9B9E0C0014BE9A;
					};
					394F65DC2A9B9E0E0014BE9A = {
						CreatedOnToolsVersion = 14.3.1;
						TestTargetID = 394F65BC2A9B9E0C0014BE9A;
					};
				};
			};
			buildConfigurationList = 394F65B82A9B9E0C0014BE9A /* Build configuration list for PBXProject "PreWork" */;
			compatibilityVersion = "Xcode 14.0";
			developmentRegion = en;
			hasScannedForEncodings = 0;
			knownRegions = (
				en,
				Base,
			);
			mainGroup = 394F65B42A9B9E0C0014BE9A;
			productRefGroup = 394F65BE2A9B9E0C0014BE9A /* Products */;
			projectDirPath = "";
			projectRoot = "";
			targets = (
				394F65BC2A9B9E0C0014BE9A /* PreWork */,
				394F65D22A9B9E0E0014BE9A /* PreWorkTests */,
				394F65DC2A9B9E0E0014BE9A /* PreWorkUITests */,
			);
		};
/* End PBXProject section */

/* Begin PBXResourcesBuildPhase section */
		394F65BB2A9B9E0C0014BE9A /* Resources */ = {
			isa = PBXResourcesBuildPhase;
			buildActionMask = 2147483647;
			files = (
				394F65CD2A9B9E0D0014BE9A /* LaunchScreen.storyboard in Resources */,
				394F65CA2A9B9E0D0014BE9A /* Assets.xcassets in Resources */,
				394F65C82A9B9E0C0014BE9A /* Main.storyboard in Resources */,
			);
			runOnlyForDeploymentPostprocessing = 0;
		};
		394F65D12A9B9E0E0014BE9A /* Resources */ = {
			isa = PBXResourcesBuildPhase;
			buildActionMask = 2147483647;
			files = (
			);
			runOnlyForDeploymentPostprocessing = 0;
		};
		394F65DB2A9B9E0E0014BE9A /* Resources */ = {
			isa = PBXResourcesBuildPhase;
			buildActionMask = 2147483647;
			files = (
			);
			runOnlyForDeploymentPostprocessing = 0;
		};
/* End PBXResourcesBuildPhase section */

/* Begin PBXSourcesBuildPhase section */
		394F65B92A9B9E0C0014BE9A /* Sources */ = {
			isa = PBXSourcesBuildPhase;
			buildActionMask = 2147483647;
			files = (
				394F65C52A9B9E0C0014BE9A /* ViewController.swift in Sources */,
				394F65C12A9B9E0C0014BE9A /* AppDelegate.swift in Sources */,
				394F65C32A9B9E0C0014BE9A /* SceneDelegate.swift in Sources */,
			);
			runOnlyForDeploymentPostprocessing = 0;
		};
		394F65CF2A9B9E0E0014BE9A /* Sources */ = {
			isa = PBXSourcesBuildPhase;
			buildActionMask = 2147483647;
			files = (
				394F65D82A9B9E0E0014BE9A /* PreWorkTests.swift in Sources */,
			);
			runOnlyForDeploymentPostprocessing = 0;
		};
		394F65D92A9B9E0E0014BE9A /* Sources */ = {
			isa = PBXSourcesBuildPhase;
			buildActionMask = 2147483647;
			files = (
				394F65E22A9B9E0E0014BE9A /* PreWorkUITests.swift in Sources */,
				394F65E42A9B9E0E0014BE9A /* PreWorkUITestsLaunchTests.swift in Sources */,
			);
			runOnlyForDeploymentPostprocessing = 0;
		};
/* End PBXSourcesBuildPhase section */

/* Begin PBXTargetDependency section */
		394F65D52A9B9E0E0014BE9A /* PBXTargetDependency */ = {
			isa = PBXTargetDependency;
			target = 394F65BC2A9B9E0C0014BE9A /* PreWork */;
			targetProxy = 394F65D42A9B9E0E0014BE9A /* PBXContainerItemProxy */;
		};
		394F65DF2A9B9E0E0014BE9A /* PBXTargetDependency */ = {
			isa = PBXTargetDependency;
			target = 394F65BC2A9B9E0C0014BE9A /* PreWork */;
			targetProxy = 394F65DE2A9B9E0E0014BE9A /* PBXContainerItemProxy */;
		};
/* End PBXTargetDependency section */

/* Begin PBXVariantGroup section */
		394F65C62A9B9E0C0014BE9A /* Main.storyboard */ = {
			isa = PBXVariantGroup;
			children = (
				394F65C72A9B9E0C0014BE9A /* Base */,
			);
			name = Main.storyboard;
			sourceTree = "<group>";
		};
		394F65CB2A9B9E0D0014BE9A /* LaunchScreen.storyboard */ = {
			isa = PBXVariantGroup;
			children = (
				394F65CC2A9B9E0D0014BE9A /* Base */,
			);
			name = LaunchScreen.storyboard;
			sourceTree = "<group>";
		};
/* End PBXVariantGroup section */

/* Begin XCBuildConfiguration section */
		394F65E52A9B9E0E0014BE9A /* Debug */ = {
			isa = XCBuildConfiguration;
			buildSettings = {
				ALWAYS_SEARCH_USER_PATHS = NO;
				CLANG_ANALYZER_NONNULL = YES;
				CLANG_ANALYZER_NUMBER_OBJECT_CONVERSION = YES_AGGRESSIVE;
				CLANG_CXX_LANGUAGE_STANDARD = "gnu++20";
				CLANG_ENABLE_MODULES = YES;
				CLANG_ENABLE_OBJC_ARC = YES;
				CLANG_ENABLE_OBJC_WEAK = YES;
				CLANG_WARN_BLOCK_CAPTURE_AUTORELEASING = YES;
				CLANG_WARN_BOOL_CONVERSION = YES;
				CLANG_WARN_COMMA = YES;
				CLANG_WARN_CONSTANT_CONVERSION = YES;
				CLANG_WARN_DEPRECATED_OBJC_IMPLEMENTATIONS = YES;
				CLANG_WARN_DIRECT_OBJC_ISA_USAGE = YES_ERROR;
				CLANG_WARN_DOCUMENTATION_COMMENTS = YES;
				CLANG_WARN_EMPTY_BODY = YES;
				CLANG_WARN_ENUM_CONVERSION = YES;
				CLANG_WARN_INFINITE_RECURSION = YES;
				CLANG_WARN_INT_CONVERSION = YES;
				CLANG_WARN_NON_LITERAL_NULL_CONVERSION = YES;
				CLANG_WARN_OBJC_IMPLICIT_RETAIN_SELF = YES;
				CLANG_WARN_OBJC_LITERAL_CONVERSION = YES;
				CLANG_WARN_OBJC_ROOT_CLASS = YES_ERROR;
				CLANG_WARN_QUOTED_INCLUDE_IN_FRAMEWORK_HEADER = YES;
				CLANG_WARN_RANGE_LOOP_ANALYSIS = YES;
				CLANG_WARN_STRICT_PROTOTYPES = YES;
				CLANG_WARN_SUSPICIOUS_MOVE = YES;
				CLANG_WARN_UNGUARDED_AVAILABILITY = YES_AGGRESSIVE;
				CLANG_WARN_UNREACHABLE_CODE = YES;
				CLANG_WARN__DUPLICATE_METHOD_MATCH = YES;
				COPY_PHASE_STRIP = NO;
				DEBUG_INFORMATION_FORMAT = dwarf;
				ENABLE_STRICT_OBJC_MSGSEND = YES;
				ENABLE_TESTABILITY = YES;
				GCC_C_LANGUAGE_STANDARD = gnu11;
				GCC_DYNAMIC_NO_PIC = NO;
				GCC_NO_COMMON_BLOCKS = YES;
				GCC_OPTIMIZATION_LEVEL = 0;
				GCC_PREPROCESSOR_DEFINITIONS = (
					"DEBUG=1",
					"$(inherited)",
				);
				GCC_WARN_64_TO_32_BIT_CONVERSION = YES;
				GCC_WARN_ABOUT_RETURN_TYPE = YES_ERROR;
				GCC_WARN_UNDECLARED_SELECTOR = YES;
				GCC_WARN_UNINITIALIZED_AUTOS = YES_AGGRESSIVE;
				GCC_WARN_UNUSED_FUNCTION = YES;
				GCC_WARN_UNUSED_VARIABLE = YES;
				IPHONEOS_DEPLOYMENT_TARGET = 16.4;
				MTL_ENABLE_DEBUG_INFO = INCLUDE_SOURCE;
				MTL_FAST_MATH = YES;
				ONLY_ACTIVE_ARCH = YES;
				SDKROOT = iphoneos;
				SWIFT_ACTIVE_COMPILATION_CONDITIONS = DEBUG;
				SWIFT_OPTIMIZATION_LEVEL = "-Onone";
			};
			name = Debug;
		};
		394F65E62A9B9E0E0014BE9A /* Release */ = {
			isa = XCBuildConfiguration;
			buildSettings = {
				ALWAYS_SEARCH_USER_PATHS = NO;
				CLANG_ANALYZER_NONNULL = YES;
				CLANG_ANALYZER_NUMBER_OBJECT_CONVERSION = YES_AGGRESSIVE;
				CLANG_CXX_LANGUAGE_STANDARD = "gnu++20";
				CLANG_ENABLE_MODULES = YES;
				CLANG_ENABLE_OBJC_ARC = YES;
				CLANG_ENABLE_OBJC_WEAK = YES;
				CLANG_WARN_BLOCK_CAPTURE_AUTORELEASING = YES;
				CLANG_WARN_BOOL_CONVERSION = YES;
				CLANG_WARN_COMMA = YES;
				CLANG_WARN_CONSTANT_CONVERSION = YES;
				CLANG_WARN_DEPRECATED_OBJC_IMPLEMENTATIONS = YES;
				CLANG_WARN_DIRECT_OBJC_ISA_USAGE = YES_ERROR;
				CLANG_WARN_DOCUMENTATION_COMMENTS = YES;
				CLANG_WARN_EMPTY_BODY = YES;
				CLANG_WARN_ENUM_CONVERSION = YES;
				CLANG_WARN_INFINITE_RECURSION = YES;
				CLANG_WARN_INT_CONVERSION = YES;
				CLANG_WARN_NON_LITERAL_NULL_CONVERSION = YES;
				CLANG_WARN_OBJC_IMPLICIT_RETAIN_SELF = YES;
				CLANG_WARN_OBJC_LITERAL_CONVERSION = YES;
				CLANG_WARN_OBJC_ROOT_CLASS = YES_ERROR;
				CLANG_WARN_QUOTED_INCLUDE_IN_FRAMEWORK_HEADER = YES;
				CLANG_WARN_RANGE_LOOP_ANALYSIS = YES;
				CLANG_WARN_STRICT_PROTOTYPES = YES;
				CLANG_WARN_SUSPICIOUS_MOVE = YES;
				CLANG_WARN_UNGUARDED_AVAILABILITY = YES_AGGRESSIVE;
				CLANG_WARN_UNREACHABLE_CODE = YES;
				CLANG_WARN__DUPLICATE_METHOD_MATCH = YES;
				COPY_PHASE_STRIP = NO;
				DEBUG_INFORMATION_FORMAT = "dwarf-with-dsym";
				ENABLE_NS_ASSERTIONS = NO;
				ENABLE_STRICT_OBJC_MSGSEND = YES;
				GCC_C_LANGUAGE_STANDARD = gnu11;
				GCC_NO_COMMON_BLOCKS = YES;
				GCC_WARN_64_TO_32_BIT_CONVERSION = YES;
				GCC_WARN_ABOUT_RETURN_TYPE = YES_ERROR;
				GCC_WARN_UNDECLARED_SELECTOR = YES;
				GCC_WARN_UNINITIALIZED_AUTOS = YES_AGGRESSIVE;
				GCC_WARN_UNUSED_FUNCTION = YES;
				GCC_WARN_UNUSED_VARIABLE = YES;
				IPHONEOS_DEPLOYMENT_TARGET = 16.4;
				MTL_ENABLE_DEBUG_INFO = NO;
				MTL_FAST_MATH = YES;
				SDKROOT = iphoneos;
				SWIFT_COMPILATION_MODE = wholemodule;
				SWIFT_OPTIMIZATION_LEVEL = "-O";
				VALIDATE_PRODUCT = YES;
			};
			name = Release;
		};
		394F65E82A9B9E0E0014BE9A /* Debug */ = {
			isa = XCBuildConfiguration;
			buildSettings = {
				ASSETCATALOG_COMPILER_APPICON_NAME = AppIcon;
				ASSETCATALOG_COMPILER_GLOBAL_ACCENT_COLOR_NAME = AccentColor;
				CODE_SIGN_STYLE = Automatic;
				CURRENT_PROJECT_VERSION = 1;
				DEVELOPMENT_TEAM = P9MAK7V8YX;
				GENERATE_INFOPLIST_FILE = YES;
				INFOPLIST_FILE = PreWork/Info.plist;
				INFOPLIST_KEY_UIApplicationSupportsIndirectInputEvents = YES;
				INFOPLIST_KEY_UILaunchStoryboardName = LaunchScreen;
				INFOPLIST_KEY_UIMainStoryboardFile = Main;
				INFOPLIST_KEY_UISupportedInterfaceOrientations_iPad = "UIInterfaceOrientationPortrait UIInterfaceOrientationPortraitUpsideDown UIInterfaceOrientationLandscapeLeft UIInterfaceOrientationLandscapeRight";
				INFOPLIST_KEY_UISupportedInterfaceOrientations_iPhone = "UIInterfaceOrientationPortrait UIInterfaceOrientationLandscapeLeft UIInterfaceOrientationLandscapeRight";
				LD_RUNPATH_SEARCH_PATHS = (
					"$(inherited)",
					"@executable_path/Frameworks",
				);
				MARKETING_VERSION = 1.0;
				PRODUCT_BUNDLE_IDENTIFIER = Company.PreWork;
				PRODUCT_NAME = "$(TARGET_NAME)";
				SWIFT_EMIT_LOC_STRINGS = YES;
				SWIFT_VERSION = 5.0;
				TARGETED_DEVICE_FAMILY = "1,2";
			};
			name = Debug;
		};
		394F65E92A9B9E0E0014BE9A /* Release */ = {
			isa = XCBuildConfiguration;
			buildSettings = {
				ASSETCATALOG_COMPILER_APPICON_NAME = AppIcon;
				ASSETCATALOG_COMPILER_GLOBAL_ACCENT_COLOR_NAME = AccentColor;
				CODE_SIGN_STYLE = Automatic;
				CURRENT_PROJECT_VERSION = 1;
				DEVELOPMENT_TEAM = P9MAK7V8YX;
				GENERATE_INFOPLIST_FILE = YES;
				INFOPLIST_FILE = PreWork/Info.plist;
				INFOPLIST_KEY_UIApplicationSupportsIndirectInputEvents = YES;
				INFOPLIST_KEY_UILaunchStoryboardName = LaunchScreen;
				INFOPLIST_KEY_UIMainStoryboardFile = Main;
				INFOPLIST_KEY_UISupportedInterfaceOrientations_iPad = "UIInterfaceOrientationPortrait UIInterfaceOrientationPortraitUpsideDown UIInterfaceOrientationLandscapeLeft UIInterfaceOrientationLandscapeRight";
				INFOPLIST_KEY_UISupportedInterfaceOrientations_iPhone = "UIInterfaceOrientationPortrait UIInterfaceOrientationLandscapeLeft UIInterfaceOrientationLandscapeRight";
				LD_RUNPATH_SEARCH_PATHS = (
					"$(inherited)",
					"@executable_path/Frameworks",
				);
				MARKETING_VERSION = 1.0;
				PRODUCT_BUNDLE_IDENTIFIER = Company.PreWork;
				PRODUCT_NAME = "$(TARGET_NAME)";
				SWIFT_EMIT_LOC_STRINGS = YES;
				SWIFT_VERSION = 5.0;
				TARGETED_DEVICE_FAMILY = "1,2";
			};
			name = Release;
		};
		394F65EB2A9B9E0E0014BE9A /* Debug */ = {
			isa = XCBuildConfiguration;
			buildSettings = {
				ALWAYS_EMBED_SWIFT_STANDARD_LIBRARIES = YES;
				BUNDLE_LOADER = "$(TEST_HOST)";
				CODE_SIGN_STYLE = Automatic;
				CURRENT_PROJECT_VERSION = 1;
				DEVELOPMENT_TEAM = P9MAK7V8YX;
				GENERATE_INFOPLIST_FILE = YES;
				IPHONEOS_DEPLOYMENT_TARGET = 16.4;
				MARKETING_VERSION = 1.0;
				PRODUCT_BUNDLE_IDENTIFIER = Company.PreWorkTests;
				PRODUCT_NAME = "$(TARGET_NAME)";
				SWIFT_EMIT_LOC_STRINGS = NO;
				SWIFT_VERSION = 5.0;
				TARGETED_DEVICE_FAMILY = "1,2";
				TEST_HOST = "$(BUILT_PRODUCTS_DIR)/PreWork.app/$(BUNDLE_EXECUTABLE_FOLDER_PATH)/PreWork";
			};
			name = Debug;
		};
		394F65EC2A9B9E0E0014BE9A /* Release */ = {
			isa = XCBuildConfiguration;
			buildSettings = {
				ALWAYS_EMBED_SWIFT_STANDARD_LIBRARIES = YES;
				BUNDLE_LOADER = "$(TEST_HOST)";
				CODE_SIGN_STYLE = Automatic;
				CURRENT_PROJECT_VERSION = 1;
				DEVELOPMENT_TEAM = P9MAK7V8YX;
				GENERATE_INFOPLIST_FILE = YES;
				IPHONEOS_DEPLOYMENT_TARGET = 16.4;
				MARKETING_VERSION = 1.0;
				PRODUCT_BUNDLE_IDENTIFIER = Company.PreWorkTests;
				PRODUCT_NAME = "$(TARGET_NAME)";
				SWIFT_EMIT_LOC_STRINGS = NO;
				SWIFT_VERSION = 5.0;
				TARGETED_DEVICE_FAMILY = "1,2";
				TEST_HOST = "$(BUILT_PRODUCTS_DIR)/PreWork.app/$(BUNDLE_EXECUTABLE_FOLDER_PATH)/PreWork";
			};
			name = Release;
		};
		394F65EE2A9B9E0E0014BE9A /* Debug */ = {
			isa = XCBuildConfiguration;
			buildSettings = {
				ALWAYS_EMBED_SWIFT_STANDARD_LIBRARIES = YES;
				CODE_SIGN_STYLE = Automatic;
				CURRENT_PROJECT_VERSION = 1;
				DEVELOPMENT_TEAM = P9MAK7V8YX;
				GENERATE_INFOPLIST_FILE = YES;
				MARKETING_VERSION = 1.0;
				PRODUCT_BUNDLE_IDENTIFIER = Company.PreWorkUITests;
				PRODUCT_NAME = "$(TARGET_NAME)";
				SWIFT_EMIT_LOC_STRINGS = NO;
				SWIFT_VERSION = 5.0;
				TARGETED_DEVICE_FAMILY = "1,2";
				TEST_TARGET_NAME = PreWork;
			};
			name = Debug;
		};
		394F65EF2A9B9E0E0014BE9A /* Release */ = {
			isa = XCBuildConfiguration;
			buildSettings = {
				ALWAYS_EMBED_SWIFT_STANDARD_LIBRARIES = YES;
				CODE_SIGN_STYLE = Automatic;
				CURRENT_PROJECT_VERSION = 1;
				DEVELOPMENT_TEAM = P9MAK7V8YX;
				GENERATE_INFOPLIST_FILE = YES;
				MARKETING_VERSION = 1.0;
				PRODUCT_BUNDLE_IDENTIFIER = Company.PreWorkUITests;
				PRODUCT_NAME = "$(TARGET_NAME)";
				SWIFT_EMIT_LOC_STRINGS = NO;
				SWIFT_VERSION = 5.0;
				TARGETED_DEVICE_FAMILY = "1,2";
				TEST_TARGET_NAME = PreWork;
			};
			name = Release;
		};
/* End XCBuildConfiguration section */

/* Begin XCConfigurationList section */
		394F65B82A9B9E0C0014BE9A /* Build configuration list for PBXProject "PreWork" */ = {
			isa = XCConfigurationList;
			buildConfigurations = (
				394F65E52A9B9E0E0014BE9A /* Debug */,
				394F65E62A9B9E0E0014BE9A /* Release */,
			);
			defaultConfigurationIsVisible = 0;
			defaultConfigurationName = Release;
		};
		394F65E72A9B9E0E0014BE9A /* Build configuration list for PBXNativeTarget "PreWork" */ = {
			isa = XCConfigurationList;
			buildConfigurations = (
				394F65E82A9B9E0E0014BE9A /* Debug */,
				394F65E92A9B9E0E0014BE9A /* Release */,
			);
			defaultConfigurationIsVisible = 0;
			defaultConfigurationName = Release;
		};
		394F65EA2A9B9E0E0014BE9A /* Build configuration list for PBXNativeTarget "PreWorkTests" */ = {
			isa = XCConfigurationList;
			buildConfigurations = (
				394F65EB2A9B9E0E0014BE9A /* Debug */,
				394F65EC2A9B9E0E0014BE9A /* Release */,
			);
			defaultConfigurationIsVisible = 0;
			defaultConfigurationName = Release;
		};
		394F65ED2A9B9E0E0014BE9A /* Build configuration list for PBXNativeTarget "PreWorkUITests" */ = {
			isa = XCConfigurationList;
			buildConfigurations = (
				394F65EE2A9B9E0E0014BE9A /* Debug */,
				394F65EF2A9B9E0E0014BE9A /* Release */,
			);
			defaultConfigurationIsVisible = 0;
			defaultConfigurationName = Release;
		};
/* End XCConfigurationList section */
	};
	rootObject = 394F65B52A9B9E0C0014BE9A /* Project object */;
}
